
Microsoft Visual Studio Solution File, Format Version 12.00
# Visual Studio Version 16
VisualStudioVersion = 16.0.32413.511
MinimumVisualStudioVersion = 10.0.40219.1
Project("{FAE04EC0-301F-11D3-BF4B-00C04F79EFBC}") = "Boolean Logic Assignment", "Boolean Logic Assignment\Boolean Logic Assignment.csproj", "{93C71C22-024B-4C29-AA19-612308806B75}"
EndProject
Global
	GlobalSection(SolutionConfigurationPlatforms) = preSolution
		Debug|Any CPU = Debug|Any CPU
		Release|Any CPU = Release|Any CPU
	EndGlobalSection
	GlobalSection(ProjectConfigurationPlatforms) = postSolution
		{93C71C22-024B-4C29-AA19-612308806B75}.Debug|Any CPU.ActiveCfg = Debug|Any CPU
		{93C71C22-024B-4C29-AA19-612308806B75}.Debug|Any CPU.Build.0 = Debug|Any CPU
		{93C71C22-024B-4C29-AA19-612308806B75}.Release|Any CPU.ActiveCfg = Release|Any CPU
		{93C71C22-024B-4C29-AA19-612308806B75}.Release|Any CPU.Build.0 = Release|Any CPU
	EndGlobalSection
	GlobalSection(SolutionProperties) = preSolution
		HideSolutionNode = FALSE
	EndGlobalSection
	GlobalSection(ExtensibilityGlobals) = postSolution
		SolutionGuid = {EFCC3BEA-529B-4EEB-A704-6D5D45A8541F}
	EndGlobalSection
EndGlobal
