
Microsoft Visual Studio Solution File, Format Version 12.00
# Visual Studio Version 16
VisualStudioVersion = 16.0.32413.511
MinimumVisualStudioVersion = 10.0.40219.1
Project("{FAE04EC0-301F-11D3-BF4B-00C04F79EFBC}") = "Loop Assignment", "Loop Assignment\Loop Assignment.csproj", "{F558C741-B669-4088-81F8-55254F969B1B}"
EndProject
Global
	GlobalSection(SolutionConfigurationPlatforms) = preSolution
		Debug|Any CPU = Debug|Any CPU
		Release|Any CPU = Release|Any CPU
	EndGlobalSection
	GlobalSection(ProjectConfigurationPlatforms) = postSolution
		{F558C741-B669-4088-81F8-55254F969B1B}.Debug|Any CPU.ActiveCfg = Debug|Any CPU
		{F558C741-B669-4088-81F8-55254F969B1B}.Debug|Any CPU.Build.0 = Debug|Any CPU
		{F558C741-B669-4088-81F8-55254F969B1B}.Release|Any CPU.ActiveCfg = Release|Any CPU
		{F558C741-B669-4088-81F8-55254F969B1B}.Release|Any CPU.Build.0 = Release|Any CPU
	EndGlobalSection
	GlobalSection(SolutionProperties) = preSolution
		HideSolutionNode = FALSE
	EndGlobalSection
	GlobalSection(ExtensibilityGlobals) = postSolution
		SolutionGuid = {8B969D44-CEAC-43FE-AB53-CB15CA5CB19C}
	EndGlobalSection
EndGlobal
